// !$*UTF8*$!
{
	archiveVersion = 1;
	classes = {
	};
	objectVersion = 56;
	objects = {

/* Begin PBXBuildFile section */
		82174FE629F6D5FE00ED6754 /* WelcomeViewController.swift in Sources */ = {isa = PBXBuildFile; fileRef = 82174FE529F6D5FE00ED6754 /* WelcomeViewController.swift */; };
		82174FE929F6D82D00ED6754 /* ApiMarvelService.swift in Sources */ = {isa = PBXBuildFile; fileRef = 82174FE829F6D82D00ED6754 /* ApiMarvelService.swift */; };
		82174FED29F6D9AD00ED6754 /* ComicDTO.swift in Sources */ = {isa = PBXBuildFile; fileRef = 82174FEC29F6D9AD00ED6754 /* ComicDTO.swift */; };
		82174FEF29F6DB9600ED6754 /* MarvelApiBaseResponse.swift in Sources */ = {isa = PBXBuildFile; fileRef = 82174FEE29F6DB9600ED6754 /* MarvelApiBaseResponse.swift */; };
		82174FF129F6DE1600ED6754 /* ComicListView.swift in Sources */ = {isa = PBXBuildFile; fileRef = 82174FF029F6DE1600ED6754 /* ComicListView.swift */; };
		82174FF329F6E02100ED6754 /* ComicListCellView.swift in Sources */ = {isa = PBXBuildFile; fileRef = 82174FF229F6E02100ED6754 /* ComicListCellView.swift */; };
		82174FF529F6EB0E00ED6754 /* ComicListTableViewDataSource.swift in Sources */ = {isa = PBXBuildFile; fileRef = 82174FF429F6EB0E00ED6754 /* ComicListTableViewDataSource.swift */; };
		82174FF829F6F45F00ED6754 /* Kingfisher in Frameworks */ = {isa = PBXBuildFile; productRef = 82174FF729F6F45F00ED6754 /* Kingfisher */; };
		8259C43E29A3DB0600B1DEFF /* AppDelegate.swift in Sources */ = {isa = PBXBuildFile; fileRef = 8259C43D29A3DB0600B1DEFF /* AppDelegate.swift */; };
		8259C44029A3DB0600B1DEFF /* SceneDelegate.swift in Sources */ = {isa = PBXBuildFile; fileRef = 8259C43F29A3DB0600B1DEFF /* SceneDelegate.swift */; };
		8259C44729A3DB0800B1DEFF /* Assets.xcassets in Resources */ = {isa = PBXBuildFile; fileRef = 8259C44629A3DB0800B1DEFF /* Assets.xcassets */; };
		8259C44A29A3DB0800B1DEFF /* LaunchScreen.storyboard in Resources */ = {isa = PBXBuildFile; fileRef = 8259C44829A3DB0800B1DEFF /* LaunchScreen.storyboard */; };
		8264F67429F9B10200D19FCA /* ComicsViewPresenter.swift in Sources */ = {isa = PBXBuildFile; fileRef = 8264F67329F9B10200D19FCA /* ComicsViewPresenter.swift */; };
		8264F67629F9B11F00D19FCA /* ComicsViewInteractor.swift in Sources */ = {isa = PBXBuildFile; fileRef = 8264F67529F9B11F00D19FCA /* ComicsViewInteractor.swift */; };
		8264F67829F9B15F00D19FCA /* ComicsViewRouter.swift in Sources */ = {isa = PBXBuildFile; fileRef = 8264F67729F9B15F00D19FCA /* ComicsViewRouter.swift */; };
		8264F67A29F9B17B00D19FCA /* ComicsView.swift in Sources */ = {isa = PBXBuildFile; fileRef = 8264F67929F9B17B00D19FCA /* ComicsView.swift */; };
		8264F67E29F9B2BB00D19FCA /* Comic.swift in Sources */ = {isa = PBXBuildFile; fileRef = 8264F67D29F9B2BB00D19FCA /* Comic.swift */; };
		8264F68029F9B32000D19FCA /* Thumbnail.swift in Sources */ = {isa = PBXBuildFile; fileRef = 8264F67F29F9B32000D19FCA /* Thumbnail.swift */; };
		82BFE05629F4481A00F71739 /* WelcomeView.storyboard in Resources */ = {isa = PBXBuildFile; fileRef = 82BFE05529F4481A00F71739 /* WelcomeView.storyboard */; };
		82C08F8929F8408D0041CE41 /* ListOfComicTableViewDelegate.swift in Sources */ = {isa = PBXBuildFile; fileRef = 82C08F8829F8408D0041CE41 /* ListOfComicTableViewDelegate.swift */; };
		82C6255C29AD366D00DAEC7C /* LoginView.storyboard in Resources */ = {isa = PBXBuildFile; fileRef = 82C6255B29AD366D00DAEC7C /* LoginView.storyboard */; };
		82C6255E29AD370400DAEC7C /* LoginController.swift in Sources */ = {isa = PBXBuildFile; fileRef = 82C6255D29AD370400DAEC7C /* LoginController.swift */; };
		82C6256129AD6D9400DAEC7C /* DemoButton.swift in Sources */ = {isa = PBXBuildFile; fileRef = 82C6256029AD6D9400DAEC7C /* DemoButton.swift */; };
		82C6256429AD73D500DAEC7C /* Autolayout.swift in Sources */ = {isa = PBXBuildFile; fileRef = 82C6256329AD73D500DAEC7C /* Autolayout.swift */; };
		82CDAAA429FC2727008C8D1D /* ComicsViewController.swift in Sources */ = {isa = PBXBuildFile; fileRef = 82CDAAA329FC2727008C8D1D /* ComicsViewController.swift */; };
		82CDAAA629FC49FD008C8D1D /* ComicsView.storyboard in Resources */ = {isa = PBXBuildFile; fileRef = 82CDAAA529FC49FD008C8D1D /* ComicsView.storyboard */; };
		82CDAAA829FC713A008C8D1D /* ThumbnailComicDTO.swift in Sources */ = {isa = PBXBuildFile; fileRef = 82CDAAA729FC713A008C8D1D /* ThumbnailComicDTO.swift */; };
/* End PBXBuildFile section */

/* Begin PBXFileReference section */
		82174FE529F6D5FE00ED6754 /* WelcomeViewController.swift */ = {isa = PBXFileReference; lastKnownFileType = sourcecode.swift; path = WelcomeViewController.swift; sourceTree = "<group>"; };
		82174FE829F6D82D00ED6754 /* ApiMarvelService.swift */ = {isa = PBXFileReference; lastKnownFileType = sourcecode.swift; path = ApiMarvelService.swift; sourceTree = "<group>"; };
		82174FEC29F6D9AD00ED6754 /* ComicDTO.swift */ = {isa = PBXFileReference; lastKnownFileType = sourcecode.swift; path = ComicDTO.swift; sourceTree = "<group>"; };
		82174FEE29F6DB9600ED6754 /* MarvelApiBaseResponse.swift */ = {isa = PBXFileReference; lastKnownFileType = sourcecode.swift; path = MarvelApiBaseResponse.swift; sourceTree = "<group>"; };
		82174FF029F6DE1600ED6754 /* ComicListView.swift */ = {isa = PBXFileReference; lastKnownFileType = sourcecode.swift; path = ComicListView.swift; sourceTree = "<group>"; };
		82174FF229F6E02100ED6754 /* ComicListCellView.swift */ = {isa = PBXFileReference; lastKnownFileType = sourcecode.swift; path = ComicListCellView.swift; sourceTree = "<group>"; };
		82174FF429F6EB0E00ED6754 /* ComicListTableViewDataSource.swift */ = {isa = PBXFileReference; lastKnownFileType = sourcecode.swift; path = ComicListTableViewDataSource.swift; sourceTree = "<group>"; };
		8259C43A29A3DB0600B1DEFF /* DemoSwift.app */ = {isa = PBXFileReference; explicitFileType = wrapper.application; includeInIndex = 0; path = DemoSwift.app; sourceTree = BUILT_PRODUCTS_DIR; };
		8259C43D29A3DB0600B1DEFF /* AppDelegate.swift */ = {isa = PBXFileReference; lastKnownFileType = sourcecode.swift; path = AppDelegate.swift; sourceTree = "<group>"; };
		8259C43F29A3DB0600B1DEFF /* SceneDelegate.swift */ = {isa = PBXFileReference; lastKnownFileType = sourcecode.swift; path = SceneDelegate.swift; sourceTree = "<group>"; };
		8259C44629A3DB0800B1DEFF /* Assets.xcassets */ = {isa = PBXFileReference; lastKnownFileType = folder.assetcatalog; path = Assets.xcassets; sourceTree = "<group>"; };
		8259C44929A3DB0800B1DEFF /* Base */ = {isa = PBXFileReference; lastKnownFileType = file.storyboard; name = Base; path = Base.lproj/LaunchScreen.storyboard; sourceTree = "<group>"; };
		8259C44B29A3DB0800B1DEFF /* Info.plist */ = {isa = PBXFileReference; lastKnownFileType = text.plist.xml; path = Info.plist; sourceTree = "<group>"; };
		8264F67329F9B10200D19FCA /* ComicsViewPresenter.swift */ = {isa = PBXFileReference; lastKnownFileType = sourcecode.swift; path = ComicsViewPresenter.swift; sourceTree = "<group>"; };
		8264F67529F9B11F00D19FCA /* ComicsViewInteractor.swift */ = {isa = PBXFileReference; lastKnownFileType = sourcecode.swift; path = ComicsViewInteractor.swift; sourceTree = "<group>"; };
		8264F67729F9B15F00D19FCA /* ComicsViewRouter.swift */ = {isa = PBXFileReference; lastKnownFileType = sourcecode.swift; path = ComicsViewRouter.swift; sourceTree = "<group>"; };
		8264F67929F9B17B00D19FCA /* ComicsView.swift */ = {isa = PBXFileReference; lastKnownFileType = sourcecode.swift; path = ComicsView.swift; sourceTree = "<group>"; };
		8264F67D29F9B2BB00D19FCA /* Comic.swift */ = {isa = PBXFileReference; lastKnownFileType = sourcecode.swift; path = Comic.swift; sourceTree = "<group>"; };
		8264F67F29F9B32000D19FCA /* Thumbnail.swift */ = {isa = PBXFileReference; lastKnownFileType = sourcecode.swift; path = Thumbnail.swift; sourceTree = "<group>"; };
		82BFE05529F4481A00F71739 /* WelcomeView.storyboard */ = {isa = PBXFileReference; lastKnownFileType = file.storyboard; path = WelcomeView.storyboard; sourceTree = "<group>"; };
		82C08F8829F8408D0041CE41 /* ListOfComicTableViewDelegate.swift */ = {isa = PBXFileReference; lastKnownFileType = sourcecode.swift; path = ListOfComicTableViewDelegate.swift; sourceTree = "<group>"; };
		82C6255B29AD366D00DAEC7C /* LoginView.storyboard */ = {isa = PBXFileReference; lastKnownFileType = file.storyboard; path = LoginView.storyboard; sourceTree = "<group>"; };
		82C6255D29AD370400DAEC7C /* LoginController.swift */ = {isa = PBXFileReference; lastKnownFileType = sourcecode.swift; path = LoginController.swift; sourceTree = "<group>"; };
		82C6256029AD6D9400DAEC7C /* DemoButton.swift */ = {isa = PBXFileReference; lastKnownFileType = sourcecode.swift; path = DemoButton.swift; sourceTree = "<group>"; };
		82C6256329AD73D500DAEC7C /* Autolayout.swift */ = {isa = PBXFileReference; lastKnownFileType = sourcecode.swift; path = Autolayout.swift; sourceTree = "<group>"; };
		82CDAAA329FC2727008C8D1D /* ComicsViewController.swift */ = {isa = PBXFileReference; lastKnownFileType = sourcecode.swift; path = ComicsViewController.swift; sourceTree = "<group>"; };
		82CDAAA529FC49FD008C8D1D /* ComicsView.storyboard */ = {isa = PBXFileReference; lastKnownFileType = file.storyboard; path = ComicsView.storyboard; sourceTree = "<group>"; };
		82CDAAA729FC713A008C8D1D /* ThumbnailComicDTO.swift */ = {isa = PBXFileReference; lastKnownFileType = sourcecode.swift; path = ThumbnailComicDTO.swift; sourceTree = "<group>"; };
/* End PBXFileReference section */

/* Begin PBXFrameworksBuildPhase section */
		8259C43729A3DB0600B1DEFF /* Frameworks */ = {
			isa = PBXFrameworksBuildPhase;
			buildActionMask = 2147483647;
			files = (
				82174FF829F6F45F00ED6754 /* Kingfisher in Frameworks */,
			);
			runOnlyForDeploymentPostprocessing = 0;
		};
/* End PBXFrameworksBuildPhase section */

/* Begin PBXGroup section */
		82174FE729F6D71200ED6754 /* Services */ = {
			isa = PBXGroup;
			children = (
				82174FE829F6D82D00ED6754 /* ApiMarvelService.swift */,
			);
			path = Services;
			sourceTree = "<group>";
		};
		8259C43129A3DB0600B1DEFF = {
			isa = PBXGroup;
			children = (
				8259C43C29A3DB0600B1DEFF /* DemoSwift */,
				8259C43B29A3DB0600B1DEFF /* Products */,
			);
			sourceTree = "<group>";
		};
		8259C43B29A3DB0600B1DEFF /* Products */ = {
			isa = PBXGroup;
			children = (
				8259C43A29A3DB0600B1DEFF /* DemoSwift.app */,
			);
			name = Products;
			sourceTree = "<group>";
		};
		8259C43C29A3DB0600B1DEFF /* DemoSwift */ = {
			isa = PBXGroup;
			children = (
				8264F67C29F9B2A300D19FCA /* Entities */,
				8264F67229F9B01500D19FCA /* UseCases */,
				82174FE729F6D71200ED6754 /* Services */,
				82C6256229AD73AB00DAEC7C /* Helpers */,
				8259C45129A4044000B1DEFF /* Models */,
				82C6254D29A6E06A00DAEC7C /* Views */,
				82C6254E29A6E08E00DAEC7C /* Controllers */,
				8259C43D29A3DB0600B1DEFF /* AppDelegate.swift */,
				8259C43F29A3DB0600B1DEFF /* SceneDelegate.swift */,
				8259C44629A3DB0800B1DEFF /* Assets.xcassets */,
				8259C44829A3DB0800B1DEFF /* LaunchScreen.storyboard */,
				8259C44B29A3DB0800B1DEFF /* Info.plist */,
			);
			path = DemoSwift;
			sourceTree = "<group>";
		};
		8259C45129A4044000B1DEFF /* Models */ = {
			isa = PBXGroup;
			children = (
				82174FEC29F6D9AD00ED6754 /* ComicDTO.swift */,
				82CDAAA729FC713A008C8D1D /* ThumbnailComicDTO.swift */,
				82174FEE29F6DB9600ED6754 /* MarvelApiBaseResponse.swift */,
			);
			path = Models;
			sourceTree = "<group>";
		};
		8264F67229F9B01500D19FCA /* UseCases */ = {
			isa = PBXGroup;
			children = (
				8264F67B29F9B18D00D19FCA /* Comics */,
			);
			path = UseCases;
			sourceTree = "<group>";
		};
		8264F67B29F9B18D00D19FCA /* Comics */ = {
			isa = PBXGroup;
			children = (
				8264F67329F9B10200D19FCA /* ComicsViewPresenter.swift */,
				8264F67529F9B11F00D19FCA /* ComicsViewInteractor.swift */,
				8264F67729F9B15F00D19FCA /* ComicsViewRouter.swift */,
			);
			path = Comics;
			sourceTree = "<group>";
		};
		8264F67C29F9B2A300D19FCA /* Entities */ = {
			isa = PBXGroup;
			children = (
				8264F67D29F9B2BB00D19FCA /* Comic.swift */,
				8264F67F29F9B32000D19FCA /* Thumbnail.swift */,
			);
			path = Entities;
			sourceTree = "<group>";
		};
		82C6254D29A6E06A00DAEC7C /* Views */ = {
			isa = PBXGroup;
			children = (
				82CDAAAB29FC80C9008C8D1D /* Views */,
				82CDAAA929FC74A8008C8D1D /* Lists */,
				82C6255F29AD43A100DAEC7C /* Controls */,
				82C6255A29AD362200DAEC7C /* Storyboards */,
			);
			path = Views;
			sourceTree = "<group>";
		};
		82C6254E29A6E08E00DAEC7C /* Controllers */ = {
			isa = PBXGroup;
			children = (
				82CDAAAA29FC77E4008C8D1D /* Comics */,
				82174FE529F6D5FE00ED6754 /* WelcomeViewController.swift */,
				82C6255D29AD370400DAEC7C /* LoginController.swift */,
			);
			path = Controllers;
			sourceTree = "<group>";
		};
		82C6255A29AD362200DAEC7C /* Storyboards */ = {
			isa = PBXGroup;
			children = (
				82C6255B29AD366D00DAEC7C /* LoginView.storyboard */,
				82BFE05529F4481A00F71739 /* WelcomeView.storyboard */,
				82CDAAA529FC49FD008C8D1D /* ComicsView.storyboard */,
			);
			path = Storyboards;
			sourceTree = "<group>";
		};
		82C6255F29AD43A100DAEC7C /* Controls */ = {
			isa = PBXGroup;
			children = (
				82C6256029AD6D9400DAEC7C /* DemoButton.swift */,
			);
			path = Controls;
			sourceTree = "<group>";
		};
		82C6256229AD73AB00DAEC7C /* Helpers */ = {
			isa = PBXGroup;
			children = (
				82C6256329AD73D500DAEC7C /* Autolayout.swift */,
			);
			path = Helpers;
			sourceTree = "<group>";
		};
		82CDAAA929FC74A8008C8D1D /* Lists */ = {
			isa = PBXGroup;
			children = (
				82174FF029F6DE1600ED6754 /* ComicListView.swift */,
				82174FF229F6E02100ED6754 /* ComicListCellView.swift */,
			);
			path = Lists;
			sourceTree = "<group>";
		};
		82CDAAAA29FC77E4008C8D1D /* Comics */ = {
			isa = PBXGroup;
			children = (
				82174FF429F6EB0E00ED6754 /* ComicListTableViewDataSource.swift */,
				82C08F8829F8408D0041CE41 /* ListOfComicTableViewDelegate.swift */,
				82CDAAA329FC2727008C8D1D /* ComicsViewController.swift */,
			);
			path = Comics;
			sourceTree = "<group>";
		};
		82CDAAAB29FC80C9008C8D1D /* Views */ = {
			isa = PBXGroup;
			children = (
				8264F67929F9B17B00D19FCA /* ComicsView.swift */,
			);
			path = Views;
			sourceTree = "<group>";
		};
/* End PBXGroup section */

/* Begin PBXNativeTarget section */
		8259C43929A3DB0600B1DEFF /* DemoSwift */ = {
			isa = PBXNativeTarget;
			buildConfigurationList = 8259C44E29A3DB0800B1DEFF /* Build configuration list for PBXNativeTarget "DemoSwift" */;
			buildPhases = (
				8259C43629A3DB0600B1DEFF /* Sources */,
				8259C43729A3DB0600B1DEFF /* Frameworks */,
				8259C43829A3DB0600B1DEFF /* Resources */,
			);
			buildRules = (
			);
			dependencies = (
			);
			name = DemoSwift;
			packageProductDependencies = (
				82174FF729F6F45F00ED6754 /* Kingfisher */,
			);
			productName = DemoSwift;
			productReference = 8259C43A29A3DB0600B1DEFF /* DemoSwift.app */;
			productType = "com.apple.product-type.application";
		};
/* End PBXNativeTarget section */

/* Begin PBXProject section */
		8259C43229A3DB0600B1DEFF /* Project object */ = {
			isa = PBXProject;
			attributes = {
				BuildIndependentTargetsInParallel = 1;
				LastSwiftUpdateCheck = 1420;
				LastUpgradeCheck = 1420;
				TargetAttributes = {
					8259C43929A3DB0600B1DEFF = {
						CreatedOnToolsVersion = 14.2;
					};
				};
			};
			buildConfigurationList = 8259C43529A3DB0600B1DEFF /* Build configuration list for PBXProject "DemoSwift" */;
			compatibilityVersion = "Xcode 14.0";
			developmentRegion = en;
			hasScannedForEncodings = 0;
			knownRegions = (
				en,
				Base,
			);
			mainGroup = 8259C43129A3DB0600B1DEFF;
			packageReferences = (
				82174FF629F6F45F00ED6754 /* XCRemoteSwiftPackageReference "Kingfisher" */,
			);
			productRefGroup = 8259C43B29A3DB0600B1DEFF /* Products */;
			projectDirPath = "";
			projectRoot = "";
			targets = (
				8259C43929A3DB0600B1DEFF /* DemoSwift */,
			);
		};
/* End PBXProject section */

/* Begin PBXResourcesBuildPhase section */
		8259C43829A3DB0600B1DEFF /* Resources */ = {
			isa = PBXResourcesBuildPhase;
			buildActionMask = 2147483647;
			files = (
				82BFE05629F4481A00F71739 /* WelcomeView.storyboard in Resources */,
				8259C44A29A3DB0800B1DEFF /* LaunchScreen.storyboard in Resources */,
				8259C44729A3DB0800B1DEFF /* Assets.xcassets in Resources */,
				82CDAAA629FC49FD008C8D1D /* ComicsView.storyboard in Resources */,
				82C6255C29AD366D00DAEC7C /* LoginView.storyboard in Resources */,
			);
			runOnlyForDeploymentPostprocessing = 0;
		};
/* End PBXResourcesBuildPhase section */

/* Begin PBXSourcesBuildPhase section */
		8259C43629A3DB0600B1DEFF /* Sources */ = {
			isa = PBXSourcesBuildPhase;
			buildActionMask = 2147483647;
			files = (
				8264F67A29F9B17B00D19FCA /* ComicsView.swift in Sources */,
				82174FF129F6DE1600ED6754 /* ComicListView.swift in Sources */,
				82174FEF29F6DB9600ED6754 /* MarvelApiBaseResponse.swift in Sources */,
				82CDAAA429FC2727008C8D1D /* ComicsViewController.swift in Sources */,
				82174FF329F6E02100ED6754 /* ComicListCellView.swift in Sources */,
				82C6256129AD6D9400DAEC7C /* DemoButton.swift in Sources */,
				8264F67429F9B10200D19FCA /* ComicsViewPresenter.swift in Sources */,
				8264F67829F9B15F00D19FCA /* ComicsViewRouter.swift in Sources */,
				82174FE929F6D82D00ED6754 /* ApiMarvelService.swift in Sources */,
				82C6256429AD73D500DAEC7C /* Autolayout.swift in Sources */,
				82174FF529F6EB0E00ED6754 /* ComicListTableViewDataSource.swift in Sources */,
				82C6255E29AD370400DAEC7C /* LoginController.swift in Sources */,
				8264F67629F9B11F00D19FCA /* ComicsViewInteractor.swift in Sources */,
				82C08F8929F8408D0041CE41 /* ListOfComicTableViewDelegate.swift in Sources */,
				82174FE629F6D5FE00ED6754 /* WelcomeViewController.swift in Sources */,
				82174FED29F6D9AD00ED6754 /* ComicDTO.swift in Sources */,
				8259C43E29A3DB0600B1DEFF /* AppDelegate.swift in Sources */,
				8264F67E29F9B2BB00D19FCA /* Comic.swift in Sources */,
				8264F68029F9B32000D19FCA /* Thumbnail.swift in Sources */,
				82CDAAA829FC713A008C8D1D /* ThumbnailComicDTO.swift in Sources */,
				8259C44029A3DB0600B1DEFF /* SceneDelegate.swift in Sources */,
			);
			runOnlyForDeploymentPostprocessing = 0;
		};
/* End PBXSourcesBuildPhase section */

/* Begin PBXVariantGroup section */
		8259C44829A3DB0800B1DEFF /* LaunchScreen.storyboard */ = {
			isa = PBXVariantGroup;
			children = (
				8259C44929A3DB0800B1DEFF /* Base */,
			);
			name = LaunchScreen.storyboard;
			sourceTree = "<group>";
		};
/* End PBXVariantGroup section */

/* Begin XCBuildConfiguration section */
		8259C44C29A3DB0800B1DEFF /* Debug */ = {
			isa = XCBuildConfiguration;
			buildSettings = {
				ALWAYS_SEARCH_USER_PATHS = NO;
				CLANG_ANALYZER_NONNULL = YES;
				CLANG_ANALYZER_NUMBER_OBJECT_CONVERSION = YES_AGGRESSIVE;
				CLANG_CXX_LANGUAGE_STANDARD = "gnu++20";
				CLANG_ENABLE_MODULES = YES;
				CLANG_ENABLE_OBJC_ARC = YES;
				CLANG_ENABLE_OBJC_WEAK = YES;
				CLANG_WARN_BLOCK_CAPTURE_AUTORELEASING = YES;
				CLANG_WARN_BOOL_CONVERSION = YES;
				CLANG_WARN_COMMA = YES;
				CLANG_WARN_CONSTANT_CONVERSION = YES;
				CLANG_WARN_DEPRECATED_OBJC_IMPLEMENTATIONS = YES;
				CLANG_WARN_DIRECT_OBJC_ISA_USAGE = YES_ERROR;
				CLANG_WARN_DOCUMENTATION_COMMENTS = YES;
				CLANG_WARN_EMPTY_BODY = YES;
				CLANG_WARN_ENUM_CONVERSION = YES;
				CLANG_WARN_INFINITE_RECURSION = YES;
				CLANG_WARN_INT_CONVERSION = YES;
				CLANG_WARN_NON_LITERAL_NULL_CONVERSION = YES;
				CLANG_WARN_OBJC_IMPLICIT_RETAIN_SELF = YES;
				CLANG_WARN_OBJC_LITERAL_CONVERSION = YES;
				CLANG_WARN_OBJC_ROOT_CLASS = YES_ERROR;
				CLANG_WARN_QUOTED_INCLUDE_IN_FRAMEWORK_HEADER = YES;
				CLANG_WARN_RANGE_LOOP_ANALYSIS = YES;
				CLANG_WARN_STRICT_PROTOTYPES = YES;
				CLANG_WARN_SUSPICIOUS_MOVE = YES;
				CLANG_WARN_UNGUARDED_AVAILABILITY = YES_AGGRESSIVE;
				CLANG_WARN_UNREACHABLE_CODE = YES;
				CLANG_WARN__DUPLICATE_METHOD_MATCH = YES;
				COPY_PHASE_STRIP = NO;
				DEBUG_INFORMATION_FORMAT = dwarf;
				ENABLE_STRICT_OBJC_MSGSEND = YES;
				ENABLE_TESTABILITY = YES;
				GCC_C_LANGUAGE_STANDARD = gnu11;
				GCC_DYNAMIC_NO_PIC = NO;
				GCC_NO_COMMON_BLOCKS = YES;
				GCC_OPTIMIZATION_LEVEL = 0;
				GCC_PREPROCESSOR_DEFINITIONS = (
					"DEBUG=1",
					"$(inherited)",
				);
				GCC_WARN_64_TO_32_BIT_CONVERSION = YES;
				GCC_WARN_ABOUT_RETURN_TYPE = YES_ERROR;
				GCC_WARN_UNDECLARED_SELECTOR = YES;
				GCC_WARN_UNINITIALIZED_AUTOS = YES_AGGRESSIVE;
				GCC_WARN_UNUSED_FUNCTION = YES;
				GCC_WARN_UNUSED_VARIABLE = YES;
				IPHONEOS_DEPLOYMENT_TARGET = 16.2;
				MTL_ENABLE_DEBUG_INFO = INCLUDE_SOURCE;
				MTL_FAST_MATH = YES;
				ONLY_ACTIVE_ARCH = YES;
				SDKROOT = iphoneos;
				SWIFT_ACTIVE_COMPILATION_CONDITIONS = DEBUG;
				SWIFT_OPTIMIZATION_LEVEL = "-Onone";
			};
			name = Debug;
		};
		8259C44D29A3DB0800B1DEFF /* Release */ = {
			isa = XCBuildConfiguration;
			buildSettings = {
				ALWAYS_SEARCH_USER_PATHS = NO;
				CLANG_ANALYZER_NONNULL = YES;
				CLANG_ANALYZER_NUMBER_OBJECT_CONVERSION = YES_AGGRESSIVE;
				CLANG_CXX_LANGUAGE_STANDARD = "gnu++20";
				CLANG_ENABLE_MODULES = YES;
				CLANG_ENABLE_OBJC_ARC = YES;
				CLANG_ENABLE_OBJC_WEAK = YES;
				CLANG_WARN_BLOCK_CAPTURE_AUTORELEASING = YES;
				CLANG_WARN_BOOL_CONVERSION = YES;
				CLANG_WARN_COMMA = YES;
				CLANG_WARN_CONSTANT_CONVERSION = YES;
				CLANG_WARN_DEPRECATED_OBJC_IMPLEMENTATIONS = YES;
				CLANG_WARN_DIRECT_OBJC_ISA_USAGE = YES_ERROR;
				CLANG_WARN_DOCUMENTATION_COMMENTS = YES;
				CLANG_WARN_EMPTY_BODY = YES;
				CLANG_WARN_ENUM_CONVERSION = YES;
				CLANG_WARN_INFINITE_RECURSION = YES;
				CLANG_WARN_INT_CONVERSION = YES;
				CLANG_WARN_NON_LITERAL_NULL_CONVERSION = YES;
				CLANG_WARN_OBJC_IMPLICIT_RETAIN_SELF = YES;
				CLANG_WARN_OBJC_LITERAL_CONVERSION = YES;
				CLANG_WARN_OBJC_ROOT_CLASS = YES_ERROR;
				CLANG_WARN_QUOTED_INCLUDE_IN_FRAMEWORK_HEADER = YES;
				CLANG_WARN_RANGE_LOOP_ANALYSIS = YES;
				CLANG_WARN_STRICT_PROTOTYPES = YES;
				CLANG_WARN_SUSPICIOUS_MOVE = YES;
				CLANG_WARN_UNGUARDED_AVAILABILITY = YES_AGGRESSIVE;
				CLANG_WARN_UNREACHABLE_CODE = YES;
				CLANG_WARN__DUPLICATE_METHOD_MATCH = YES;
				COPY_PHASE_STRIP = NO;
				DEBUG_INFORMATION_FORMAT = "dwarf-with-dsym";
				ENABLE_NS_ASSERTIONS = NO;
				ENABLE_STRICT_OBJC_MSGSEND = YES;
				GCC_C_LANGUAGE_STANDARD = gnu11;
				GCC_NO_COMMON_BLOCKS = YES;
				GCC_WARN_64_TO_32_BIT_CONVERSION = YES;
				GCC_WARN_ABOUT_RETURN_TYPE = YES_ERROR;
				GCC_WARN_UNDECLARED_SELECTOR = YES;
				GCC_WARN_UNINITIALIZED_AUTOS = YES_AGGRESSIVE;
				GCC_WARN_UNUSED_FUNCTION = YES;
				GCC_WARN_UNUSED_VARIABLE = YES;
				IPHONEOS_DEPLOYMENT_TARGET = 16.2;
				MTL_ENABLE_DEBUG_INFO = NO;
				MTL_FAST_MATH = YES;
				SDKROOT = iphoneos;
				SWIFT_COMPILATION_MODE = wholemodule;
				SWIFT_OPTIMIZATION_LEVEL = "-O";
				VALIDATE_PRODUCT = YES;
			};
			name = Release;
		};
		8259C44F29A3DB0800B1DEFF /* Debug */ = {
			isa = XCBuildConfiguration;
			buildSettings = {
				ASSETCATALOG_COMPILER_APPICON_NAME = AppIcon;
				ASSETCATALOG_COMPILER_GLOBAL_ACCENT_COLOR_NAME = AccentColor;
				CODE_SIGN_STYLE = Automatic;
				CURRENT_PROJECT_VERSION = 1;
				GENERATE_INFOPLIST_FILE = YES;
				INFOPLIST_FILE = DemoSwift/Info.plist;
				INFOPLIST_KEY_UIApplicationSupportsIndirectInputEvents = YES;
				INFOPLIST_KEY_UILaunchStoryboardName = LaunchScreen;
				INFOPLIST_KEY_UIMainStoryboardFile = WelcomeView;
				INFOPLIST_KEY_UISupportedInterfaceOrientations_iPad = "UIInterfaceOrientationPortrait UIInterfaceOrientationPortraitUpsideDown UIInterfaceOrientationLandscapeLeft UIInterfaceOrientationLandscapeRight";
				INFOPLIST_KEY_UISupportedInterfaceOrientations_iPhone = "UIInterfaceOrientationPortrait UIInterfaceOrientationLandscapeLeft UIInterfaceOrientationLandscapeRight";
				LD_RUNPATH_SEARCH_PATHS = (
					"$(inherited)",
					"@executable_path/Frameworks",
				);
				MARKETING_VERSION = 1.0;
				PRODUCT_BUNDLE_IDENTIFIER = com.josedev.DemoSwift;
				PRODUCT_NAME = "$(TARGET_NAME)";
				SWIFT_EMIT_LOC_STRINGS = YES;
				SWIFT_VERSION = 5.0;
				TARGETED_DEVICE_FAMILY = "1,2";
			};
			name = Debug;
		};
		8259C45029A3DB0800B1DEFF /* Release */ = {
			isa = XCBuildConfiguration;
			buildSettings = {
				ASSETCATALOG_COMPILER_APPICON_NAME = AppIcon;
				ASSETCATALOG_COMPILER_GLOBAL_ACCENT_COLOR_NAME = AccentColor;
				CODE_SIGN_STYLE = Automatic;
				CURRENT_PROJECT_VERSION = 1;
				GENERATE_INFOPLIST_FILE = YES;
				INFOPLIST_FILE = DemoSwift/Info.plist;
				INFOPLIST_KEY_UIApplicationSupportsIndirectInputEvents = YES;
				INFOPLIST_KEY_UILaunchStoryboardName = LaunchScreen;
				INFOPLIST_KEY_UIMainStoryboardFile = WelcomeView;
				INFOPLIST_KEY_UISupportedInterfaceOrientations_iPad = "UIInterfaceOrientationPortrait UIInterfaceOrientationPortraitUpsideDown UIInterfaceOrientationLandscapeLeft UIInterfaceOrientationLandscapeRight";
				INFOPLIST_KEY_UISupportedInterfaceOrientations_iPhone = "UIInterfaceOrientationPortrait UIInterfaceOrientationLandscapeLeft UIInterfaceOrientationLandscapeRight";
				LD_RUNPATH_SEARCH_PATHS = (
					"$(inherited)",
					"@executable_path/Frameworks",
				);
				MARKETING_VERSION = 1.0;
				PRODUCT_BUNDLE_IDENTIFIER = com.josedev.DemoSwift;
				PRODUCT_NAME = "$(TARGET_NAME)";
				SWIFT_EMIT_LOC_STRINGS = YES;
				SWIFT_VERSION = 5.0;
				TARGETED_DEVICE_FAMILY = "1,2";
			};
			name = Release;
		};
/* End XCBuildConfiguration section */

/* Begin XCConfigurationList section */
		8259C43529A3DB0600B1DEFF /* Build configuration list for PBXProject "DemoSwift" */ = {
			isa = XCConfigurationList;
			buildConfigurations = (
				8259C44C29A3DB0800B1DEFF /* Debug */,
				8259C44D29A3DB0800B1DEFF /* Release */,
			);
			defaultConfigurationIsVisible = 0;
			defaultConfigurationName = Release;
		};
		8259C44E29A3DB0800B1DEFF /* Build configuration list for PBXNativeTarget "DemoSwift" */ = {
			isa = XCConfigurationList;
			buildConfigurations = (
				8259C44F29A3DB0800B1DEFF /* Debug */,
				8259C45029A3DB0800B1DEFF /* Release */,
			);
			defaultConfigurationIsVisible = 0;
			defaultConfigurationName = Release;
		};
/* End XCConfigurationList section */

/* Begin XCRemoteSwiftPackageReference section */
		82174FF629F6F45F00ED6754 /* XCRemoteSwiftPackageReference "Kingfisher" */ = {
			isa = XCRemoteSwiftPackageReference;
			repositoryURL = "https://github.com/onevcat/Kingfisher.git";
			requirement = {
				kind = upToNextMajorVersion;
				minimumVersion = 7.0.0;
			};
		};
/* End XCRemoteSwiftPackageReference section */

/* Begin XCSwiftPackageProductDependency section */
		82174FF729F6F45F00ED6754 /* Kingfisher */ = {
			isa = XCSwiftPackageProductDependency;
			package = 82174FF629F6F45F00ED6754 /* XCRemoteSwiftPackageReference "Kingfisher" */;
			productName = Kingfisher;
		};
/* End XCSwiftPackageProductDependency section */
	};
	rootObject = 8259C43229A3DB0600B1DEFF /* Project object */;
}
